
Microsoft Visual Studio Solution File, Format Version 11.00
# Visual Studio 2010
Project("{FAE04EC0-301F-11D3-BF4B-00C04F79EFBC}") = "WinPhone7Login", "WinPhone7Login\WinPhone7Login.csproj", "{4876278F-921C-43FE-958A-D8FC622B576A}"
EndProject
Project("{FAE04EC0-301F-11D3-BF4B-00C04F79EFBC}") = "TestMembershipClient", "TestMembershipClient\TestMembershipClient.csproj", "{204BC0C1-9B18-43A7-BE76-75AFDB611055}"
	ProjectSection(ProjectDependencies) = postProject
		{4876278F-921C-43FE-958A-D8FC622B576A} = {4876278F-921C-43FE-958A-D8FC622B576A}
	EndProjectSection
EndProject
Global
	GlobalSection(SolutionConfigurationPlatforms) = preSolution
		Debug|Any CPU = Debug|Any CPU
		Release|Any CPU = Release|Any CPU
	EndGlobalSection
	GlobalSection(ProjectConfigurationPlatforms) = postSolution
		{4876278F-921C-43FE-958A-D8FC622B576A}.Debug|Any CPU.ActiveCfg = Debug|Any CPU
		{4876278F-921C-43FE-958A-D8FC622B576A}.Debug|Any CPU.Build.0 = Debug|Any CPU
		{4876278F-921C-43FE-958A-D8FC622B576A}.Release|Any CPU.ActiveCfg = Release|Any CPU
		{4876278F-921C-43FE-958A-D8FC622B576A}.Release|Any CPU.Build.0 = Release|Any CPU
		{204BC0C1-9B18-43A7-BE76-75AFDB611055}.Debug|Any CPU.ActiveCfg = Debug|Any CPU
		{204BC0C1-9B18-43A7-BE76-75AFDB611055}.Debug|Any CPU.Build.0 = Debug|Any CPU
		{204BC0C1-9B18-43A7-BE76-75AFDB611055}.Debug|Any CPU.Deploy.0 = Debug|Any CPU
		{204BC0C1-9B18-43A7-BE76-75AFDB611055}.Release|Any CPU.ActiveCfg = Release|Any CPU
		{204BC0C1-9B18-43A7-BE76-75AFDB611055}.Release|Any CPU.Build.0 = Release|Any CPU
		{204BC0C1-9B18-43A7-BE76-75AFDB611055}.Release|Any CPU.Deploy.0 = Release|Any CPU
	EndGlobalSection
	GlobalSection(SolutionProperties) = preSolution
		HideSolutionNode = FALSE
	EndGlobalSection
EndGlobal
